// !$*UTF8*$!
{
	archiveVersion = 1;
	classes = {
	};
	objectVersion = 56;
	objects = {

/* Begin PBXBuildFile section */
		894CFB322AC198E000A9F412 /* AppDelegate.swift in Sources */ = {isa = PBXBuildFile; fileRef = 894CFB312AC198E000A9F412 /* AppDelegate.swift */; };
		894CFB342AC198E000A9F412 /* SceneDelegate.swift in Sources */ = {isa = PBXBuildFile; fileRef = 894CFB332AC198E000A9F412 /* SceneDelegate.swift */; };
		894CFB362AC198E000A9F412 /* ViewController.swift in Sources */ = {isa = PBXBuildFile; fileRef = 894CFB352AC198E000A9F412 /* ViewController.swift */; };
		894CFB392AC198E000A9F412 /* Main.storyboard in Resources */ = {isa = PBXBuildFile; fileRef = 894CFB372AC198E000A9F412 /* Main.storyboard */; };
		894CFB3B2AC198E100A9F412 /* Assets.xcassets in Resources */ = {isa = PBXBuildFile; fileRef = 894CFB3A2AC198E100A9F412 /* Assets.xcassets */; };
		894CFB3E2AC198E100A9F412 /* LaunchScreen.storyboard in Resources */ = {isa = PBXBuildFile; fileRef = 894CFB3C2AC198E100A9F412 /* LaunchScreen.storyboard */; };
		894CFB482AC1A38F00A9F412 /* QuestionTableViewCell.swift in Sources */ = {isa = PBXBuildFile; fileRef = 894CFB462AC1A38F00A9F412 /* QuestionTableViewCell.swift */; };
		894CFB492AC1A38F00A9F412 /* QuestionTableViewCell.xib in Resources */ = {isa = PBXBuildFile; fileRef = 894CFB472AC1A38F00A9F412 /* QuestionTableViewCell.xib */; };
		894CFB4D2AC1A6B800A9F412 /* qadyyani.json in Resources */ = {isa = PBXBuildFile; fileRef = 894CFB4C2AC1A6B800A9F412 /* qadyyani.json */; };
		894CFB502AC1A72800A9F412 /* Constant.swift in Sources */ = {isa = PBXBuildFile; fileRef = 894CFB4F2AC1A72800A9F412 /* Constant.swift */; };
		894CFB522AC1A80B00A9F412 /* ReadFromJSON.swift in Sources */ = {isa = PBXBuildFile; fileRef = 894CFB512AC1A80B00A9F412 /* ReadFromJSON.swift */; };
		894CFB542AC1B64C00A9F412 /* AnswerScreenVC.swift in Sources */ = {isa = PBXBuildFile; fileRef = 894CFB532AC1B64C00A9F412 /* AnswerScreenVC.swift */; };
		896713592AC433460027FB9B /* qadyyani2.json in Resources */ = {isa = PBXBuildFile; fileRef = 896713582AC433460027FB9B /* qadyyani2.json */; };
		8967135C2AC438770027FB9B /* qadyyani3.json in Resources */ = {isa = PBXBuildFile; fileRef = 8967135A2AC438770027FB9B /* qadyyani3.json */; };
		8967135D2AC438770027FB9B /* qadyyani5.json in Resources */ = {isa = PBXBuildFile; fileRef = 8967135B2AC438770027FB9B /* qadyyani5.json */; };
/* End PBXBuildFile section */

/* Begin PBXFileReference section */
		894CFB2E2AC198E000A9F412 /* Qadiani App.app */ = {isa = PBXFileReference; explicitFileType = wrapper.application; includeInIndex = 0; path = "Qadiani App.app"; sourceTree = BUILT_PRODUCTS_DIR; };
		894CFB312AC198E000A9F412 /* AppDelegate.swift */ = {isa = PBXFileReference; lastKnownFileType = sourcecode.swift; path = AppDelegate.swift; sourceTree = "<group>"; };
		894CFB332AC198E000A9F412 /* SceneDelegate.swift */ = {isa = PBXFileReference; lastKnownFileType = sourcecode.swift; path = SceneDelegate.swift; sourceTree = "<group>"; };
		894CFB352AC198E000A9F412 /* ViewController.swift */ = {isa = PBXFileReference; lastKnownFileType = sourcecode.swift; path = ViewController.swift; sourceTree = "<group>"; };
		894CFB382AC198E000A9F412 /* Base */ = {isa = PBXFileReference; lastKnownFileType = file.storyboard; name = Base; path = Base.lproj/Main.storyboard; sourceTree = "<group>"; };
		894CFB3A2AC198E100A9F412 /* Assets.xcassets */ = {isa = PBXFileReference; lastKnownFileType = folder.assetcatalog; path = Assets.xcassets; sourceTree = "<group>"; };
		894CFB3D2AC198E100A9F412 /* Base */ = {isa = PBXFileReference; lastKnownFileType = file.storyboard; name = Base; path = Base.lproj/LaunchScreen.storyboard; sourceTree = "<group>"; };
		894CFB3F2AC198E100A9F412 /* Info.plist */ = {isa = PBXFileReference; lastKnownFileType = text.plist.xml; path = Info.plist; sourceTree = "<group>"; };
		894CFB462AC1A38F00A9F412 /* QuestionTableViewCell.swift */ = {isa = PBXFileReference; lastKnownFileType = sourcecode.swift; path = QuestionTableViewCell.swift; sourceTree = "<group>"; };
		894CFB472AC1A38F00A9F412 /* QuestionTableViewCell.xib */ = {isa = PBXFileReference; lastKnownFileType = file.xib; path = QuestionTableViewCell.xib; sourceTree = "<group>"; };
		894CFB4C2AC1A6B800A9F412 /* qadyyani.json */ = {isa = PBXFileReference; fileEncoding = 4; lastKnownFileType = text.json; path = qadyyani.json; sourceTree = SOURCE_ROOT; };
		894CFB4F2AC1A72800A9F412 /* Constant.swift */ = {isa = PBXFileReference; lastKnownFileType = sourcecode.swift; path = Constant.swift; sourceTree = "<group>"; };
		894CFB512AC1A80B00A9F412 /* ReadFromJSON.swift */ = {isa = PBXFileReference; lastKnownFileType = sourcecode.swift; path = ReadFromJSON.swift; sourceTree = "<group>"; };
		894CFB532AC1B64C00A9F412 /* AnswerScreenVC.swift */ = {isa = PBXFileReference; lastKnownFileType = sourcecode.swift; path = AnswerScreenVC.swift; sourceTree = "<group>"; };
		896713582AC433460027FB9B /* qadyyani2.json */ = {isa = PBXFileReference; fileEncoding = 4; lastKnownFileType = text.json; path = qadyyani2.json; sourceTree = SOURCE_ROOT; };
		8967135A2AC438770027FB9B /* qadyyani3.json */ = {isa = PBXFileReference; fileEncoding = 4; lastKnownFileType = text.json; path = qadyyani3.json; sourceTree = SOURCE_ROOT; };
		8967135B2AC438770027FB9B /* qadyyani5.json */ = {isa = PBXFileReference; fileEncoding = 4; lastKnownFileType = text.json; path = qadyyani5.json; sourceTree = SOURCE_ROOT; };
/* End PBXFileReference section */

/* Begin PBXFrameworksBuildPhase section */
		894CFB2B2AC198E000A9F412 /* Frameworks */ = {
			isa = PBXFrameworksBuildPhase;
			buildActionMask = 2147483647;
			files = (
			);
			runOnlyForDeploymentPostprocessing = 0;
		};
/* End PBXFrameworksBuildPhase section */

/* Begin PBXGroup section */
		894CFB252AC198E000A9F412 = {
			isa = PBXGroup;
			children = (
				894CFB302AC198E000A9F412 /* Qadiani App */,
				894CFB2F2AC198E000A9F412 /* Products */,
			);
			sourceTree = "<group>";
		};
		894CFB2F2AC198E000A9F412 /* Products */ = {
			isa = PBXGroup;
			children = (
				894CFB2E2AC198E000A9F412 /* Qadiani App.app */,
			);
			name = Products;
			sourceTree = "<group>";
		};
		894CFB302AC198E000A9F412 /* Qadiani App */ = {
			isa = PBXGroup;
			children = (
				8967135A2AC438770027FB9B /* qadyyani3.json */,
				8967135B2AC438770027FB9B /* qadyyani5.json */,
				896713582AC433460027FB9B /* qadyyani2.json */,
				894CFB4E2AC1A6CE00A9F412 /* Utils */,
				894CFB4C2AC1A6B800A9F412 /* qadyyani.json */,
				894CFB452AC1A36A00A9F412 /* Cells */,
				894CFB312AC198E000A9F412 /* AppDelegate.swift */,
				894CFB332AC198E000A9F412 /* SceneDelegate.swift */,
				894CFB352AC198E000A9F412 /* ViewController.swift */,
				894CFB372AC198E000A9F412 /* Main.storyboard */,
				894CFB3A2AC198E100A9F412 /* Assets.xcassets */,
				894CFB3C2AC198E100A9F412 /* LaunchScreen.storyboard */,
				894CFB3F2AC198E100A9F412 /* Info.plist */,
				894CFB532AC1B64C00A9F412 /* AnswerScreenVC.swift */,
			);
			path = "Qadiani App";
			sourceTree = "<group>";
		};
		894CFB452AC1A36A00A9F412 /* Cells */ = {
			isa = PBXGroup;
			children = (
				894CFB462AC1A38F00A9F412 /* QuestionTableViewCell.swift */,
				894CFB472AC1A38F00A9F412 /* QuestionTableViewCell.xib */,
			);
			path = Cells;
			sourceTree = "<group>";
		};
		894CFB4E2AC1A6CE00A9F412 /* Utils */ = {
			isa = PBXGroup;
			children = (
				894CFB4F2AC1A72800A9F412 /* Constant.swift */,
				894CFB512AC1A80B00A9F412 /* ReadFromJSON.swift */,
			);
			path = Utils;
			sourceTree = "<group>";
		};
/* End PBXGroup section */

/* Begin PBXNativeTarget section */
		894CFB2D2AC198E000A9F412 /* Qadiani App */ = {
			isa = PBXNativeTarget;
			buildConfigurationList = 894CFB422AC198E100A9F412 /* Build configuration list for PBXNativeTarget "Qadiani App" */;
			buildPhases = (
				894CFB2A2AC198E000A9F412 /* Sources */,
				894CFB2B2AC198E000A9F412 /* Frameworks */,
				894CFB2C2AC198E000A9F412 /* Resources */,
			);
			buildRules = (
			);
			dependencies = (
			);
			name = "Qadiani App";
			productName = "Qadiani App";
			productReference = 894CFB2E2AC198E000A9F412 /* Qadiani App.app */;
			productType = "com.apple.product-type.application";
		};
/* End PBXNativeTarget section */

/* Begin PBXProject section */
		894CFB262AC198E000A9F412 /* Project object */ = {
			isa = PBXProject;
			attributes = {
				BuildIndependentTargetsInParallel = 1;
				LastSwiftUpdateCheck = 1420;
				LastUpgradeCheck = 1420;
				TargetAttributes = {
					894CFB2D2AC198E000A9F412 = {
						CreatedOnToolsVersion = 14.2;
					};
				};
			};
			buildConfigurationList = 894CFB292AC198E000A9F412 /* Build configuration list for PBXProject "Qadiani App" */;
			compatibilityVersion = "Xcode 14.0";
			developmentRegion = en;
			hasScannedForEncodings = 0;
			knownRegions = (
				en,
				Base,
			);
			mainGroup = 894CFB252AC198E000A9F412;
			productRefGroup = 894CFB2F2AC198E000A9F412 /* Products */;
			projectDirPath = "";
			projectRoot = "";
			targets = (
				894CFB2D2AC198E000A9F412 /* Qadiani App */,
			);
		};
/* End PBXProject section */

/* Begin PBXResourcesBuildPhase section */
		894CFB2C2AC198E000A9F412 /* Resources */ = {
			isa = PBXResourcesBuildPhase;
			buildActionMask = 2147483647;
			files = (
				896713592AC433460027FB9B /* qadyyani2.json in Resources */,
				894CFB3E2AC198E100A9F412 /* LaunchScreen.storyboard in Resources */,
				894CFB492AC1A38F00A9F412 /* QuestionTableViewCell.xib in Resources */,
				8967135D2AC438770027FB9B /* qadyyani5.json in Resources */,
				894CFB3B2AC198E100A9F412 /* Assets.xcassets in Resources */,
				894CFB4D2AC1A6B800A9F412 /* qadyyani.json in Resources */,
				894CFB392AC198E000A9F412 /* Main.storyboard in Resources */,
				8967135C2AC438770027FB9B /* qadyyani3.json in Resources */,
			);
			runOnlyForDeploymentPostprocessing = 0;
		};
/* End PBXResourcesBuildPhase section */

/* Begin PBXSourcesBuildPhase section */
		894CFB2A2AC198E000A9F412 /* Sources */ = {
			isa = PBXSourcesBuildPhase;
			buildActionMask = 2147483647;
			files = (
				894CFB362AC198E000A9F412 /* ViewController.swift in Sources */,
				894CFB482AC1A38F00A9F412 /* QuestionTableViewCell.swift in Sources */,
				894CFB502AC1A72800A9F412 /* Constant.swift in Sources */,
				894CFB522AC1A80B00A9F412 /* ReadFromJSON.swift in Sources */,
				894CFB542AC1B64C00A9F412 /* AnswerScreenVC.swift in Sources */,
				894CFB322AC198E000A9F412 /* AppDelegate.swift in Sources */,
				894CFB342AC198E000A9F412 /* SceneDelegate.swift in Sources */,
			);
			runOnlyForDeploymentPostprocessing = 0;
		};
/* End PBXSourcesBuildPhase section */

/* Begin PBXVariantGroup section */
		894CFB372AC198E000A9F412 /* Main.storyboard */ = {
			isa = PBXVariantGroup;
			children = (
				894CFB382AC198E000A9F412 /* Base */,
			);
			name = Main.storyboard;
			sourceTree = "<group>";
		};
		894CFB3C2AC198E100A9F412 /* LaunchScreen.storyboard */ = {
			isa = PBXVariantGroup;
			children = (
				894CFB3D2AC198E100A9F412 /* Base */,
			);
			name = LaunchScreen.storyboard;
			sourceTree = "<group>";
		};
/* End PBXVariantGroup section */

/* Begin XCBuildConfiguration section */
		894CFB402AC198E100A9F412 /* Debug */ = {
			isa = XCBuildConfiguration;
			buildSettings = {
				ALWAYS_SEARCH_USER_PATHS = NO;
				CLANG_ANALYZER_NONNULL = YES;
				CLANG_ANALYZER_NUMBER_OBJECT_CONVERSION = YES_AGGRESSIVE;
				CLANG_CXX_LANGUAGE_STANDARD = "gnu++20";
				CLANG_ENABLE_MODULES = YES;
				CLANG_ENABLE_OBJC_ARC = YES;
				CLANG_ENABLE_OBJC_WEAK = YES;
				CLANG_WARN_BLOCK_CAPTURE_AUTORELEASING = YES;
				CLANG_WARN_BOOL_CONVERSION = YES;
				CLANG_WARN_COMMA = YES;
				CLANG_WARN_CONSTANT_CONVERSION = YES;
				CLANG_WARN_DEPRECATED_OBJC_IMPLEMENTATIONS = YES;
				CLANG_WARN_DIRECT_OBJC_ISA_USAGE = YES_ERROR;
				CLANG_WARN_DOCUMENTATION_COMMENTS = YES;
				CLANG_WARN_EMPTY_BODY = YES;
				CLANG_WARN_ENUM_CONVERSION = YES;
				CLANG_WARN_INFINITE_RECURSION = YES;
				CLANG_WARN_INT_CONVERSION = YES;
				CLANG_WARN_NON_LITERAL_NULL_CONVERSION = YES;
				CLANG_WARN_OBJC_IMPLICIT_RETAIN_SELF = YES;
				CLANG_WARN_OBJC_LITERAL_CONVERSION = YES;
				CLANG_WARN_OBJC_ROOT_CLASS = YES_ERROR;
				CLANG_WARN_QUOTED_INCLUDE_IN_FRAMEWORK_HEADER = YES;
				CLANG_WARN_RANGE_LOOP_ANALYSIS = YES;
				CLANG_WARN_STRICT_PROTOTYPES = YES;
				CLANG_WARN_SUSPICIOUS_MOVE = YES;
				CLANG_WARN_UNGUARDED_AVAILABILITY = YES_AGGRESSIVE;
				CLANG_WARN_UNREACHABLE_CODE = YES;
				CLANG_WARN__DUPLICATE_METHOD_MATCH = YES;
				COPY_PHASE_STRIP = NO;
				DEBUG_INFORMATION_FORMAT = dwarf;
				ENABLE_STRICT_OBJC_MSGSEND = YES;
				ENABLE_TESTABILITY = YES;
				GCC_C_LANGUAGE_STANDARD = gnu11;
				GCC_DYNAMIC_NO_PIC = NO;
				GCC_NO_COMMON_BLOCKS = YES;
				GCC_OPTIMIZATION_LEVEL = 0;
				GCC_PREPROCESSOR_DEFINITIONS = (
					"DEBUG=1",
					"$(inherited)",
				);
				GCC_WARN_64_TO_32_BIT_CONVERSION = YES;
				GCC_WARN_ABOUT_RETURN_TYPE = YES_ERROR;
				GCC_WARN_UNDECLARED_SELECTOR = YES;
				GCC_WARN_UNINITIALIZED_AUTOS = YES_AGGRESSIVE;
				GCC_WARN_UNUSED_FUNCTION = YES;
				GCC_WARN_UNUSED_VARIABLE = YES;
				IPHONEOS_DEPLOYMENT_TARGET = 16.2;
				MTL_ENABLE_DEBUG_INFO = INCLUDE_SOURCE;
				MTL_FAST_MATH = YES;
				ONLY_ACTIVE_ARCH = YES;
				SDKROOT = iphoneos;
				SWIFT_ACTIVE_COMPILATION_CONDITIONS = DEBUG;
				SWIFT_OPTIMIZATION_LEVEL = "-Onone";
			};
			name = Debug;
		};
		894CFB412AC198E100A9F412 /* Release */ = {
			isa = XCBuildConfiguration;
			buildSettings = {
				ALWAYS_SEARCH_USER_PATHS = NO;
				CLANG_ANALYZER_NONNULL = YES;
				CLANG_ANALYZER_NUMBER_OBJECT_CONVERSION = YES_AGGRESSIVE;
				CLANG_CXX_LANGUAGE_STANDARD = "gnu++20";
				CLANG_ENABLE_MODULES = YES;
				CLANG_ENABLE_OBJC_ARC = YES;
				CLANG_ENABLE_OBJC_WEAK = YES;
				CLANG_WARN_BLOCK_CAPTURE_AUTORELEASING = YES;
				CLANG_WARN_BOOL_CONVERSION = YES;
				CLANG_WARN_COMMA = YES;
				CLANG_WARN_CONSTANT_CONVERSION = YES;
				CLANG_WARN_DEPRECATED_OBJC_IMPLEMENTATIONS = YES;
				CLANG_WARN_DIRECT_OBJC_ISA_USAGE = YES_ERROR;
				CLANG_WARN_DOCUMENTATION_COMMENTS = YES;
				CLANG_WARN_EMPTY_BODY = YES;
				CLANG_WARN_ENUM_CONVERSION = YES;
				CLANG_WARN_INFINITE_RECURSION = YES;
				CLANG_WARN_INT_CONVERSION = YES;
				CLANG_WARN_NON_LITERAL_NULL_CONVERSION = YES;
				CLANG_WARN_OBJC_IMPLICIT_RETAIN_SELF = YES;
				CLANG_WARN_OBJC_LITERAL_CONVERSION = YES;
				CLANG_WARN_OBJC_ROOT_CLASS = YES_ERROR;
				CLANG_WARN_QUOTED_INCLUDE_IN_FRAMEWORK_HEADER = YES;
				CLANG_WARN_RANGE_LOOP_ANALYSIS = YES;
				CLANG_WARN_STRICT_PROTOTYPES = YES;
				CLANG_WARN_SUSPICIOUS_MOVE = YES;
				CLANG_WARN_UNGUARDED_AVAILABILITY = YES_AGGRESSIVE;
				CLANG_WARN_UNREACHABLE_CODE = YES;
				CLANG_WARN__DUPLICATE_METHOD_MATCH = YES;
				COPY_PHASE_STRIP = NO;
				DEBUG_INFORMATION_FORMAT = "dwarf-with-dsym";
				ENABLE_NS_ASSERTIONS = NO;
				ENABLE_STRICT_OBJC_MSGSEND = YES;
				GCC_C_LANGUAGE_STANDARD = gnu11;
				GCC_NO_COMMON_BLOCKS = YES;
				GCC_WARN_64_TO_32_BIT_CONVERSION = YES;
				GCC_WARN_ABOUT_RETURN_TYPE = YES_ERROR;
				GCC_WARN_UNDECLARED_SELECTOR = YES;
				GCC_WARN_UNINITIALIZED_AUTOS = YES_AGGRESSIVE;
				GCC_WARN_UNUSED_FUNCTION = YES;
				GCC_WARN_UNUSED_VARIABLE = YES;
				IPHONEOS_DEPLOYMENT_TARGET = 16.2;
				MTL_ENABLE_DEBUG_INFO = NO;
				MTL_FAST_MATH = YES;
				SDKROOT = iphoneos;
				SWIFT_COMPILATION_MODE = wholemodule;
				SWIFT_OPTIMIZATION_LEVEL = "-O";
				VALIDATE_PRODUCT = YES;
			};
			name = Release;
		};
		894CFB432AC198E100A9F412 /* Debug */ = {
			isa = XCBuildConfiguration;
			buildSettings = {
				ASSETCATALOG_COMPILER_APPICON_NAME = AppIcon;
				ASSETCATALOG_COMPILER_GLOBAL_ACCENT_COLOR_NAME = AccentColor;
				CODE_SIGN_STYLE = Automatic;
				CURRENT_PROJECT_VERSION = 1;
				DEVELOPMENT_TEAM = 2BL4KQW6R5;
				GENERATE_INFOPLIST_FILE = YES;
				INFOPLIST_FILE = "Qadiani App/Info.plist";
				INFOPLIST_KEY_UIApplicationSupportsIndirectInputEvents = YES;
				INFOPLIST_KEY_UILaunchStoryboardName = LaunchScreen;
				INFOPLIST_KEY_UIMainStoryboardFile = Main;
				INFOPLIST_KEY_UISupportedInterfaceOrientations_iPad = "UIInterfaceOrientationPortrait UIInterfaceOrientationPortraitUpsideDown UIInterfaceOrientationLandscapeLeft UIInterfaceOrientationLandscapeRight";
				INFOPLIST_KEY_UISupportedInterfaceOrientations_iPhone = "UIInterfaceOrientationPortrait UIInterfaceOrientationLandscapeLeft UIInterfaceOrientationLandscapeRight";
				IPHONEOS_DEPLOYMENT_TARGET = 13.0;
				LD_RUNPATH_SEARCH_PATHS = (
					"$(inherited)",
					"@executable_path/Frameworks",
				);
				MARKETING_VERSION = 1.0;
				PRODUCT_BUNDLE_IDENTIFIER = com.bjitgroup.upskill;
				PRODUCT_NAME = "$(TARGET_NAME)";
				SWIFT_EMIT_LOC_STRINGS = YES;
				SWIFT_VERSION = 5.0;
				TARGETED_DEVICE_FAMILY = "1,2";
			};
			name = Debug;
		};
		894CFB442AC198E100A9F412 /* Release */ = {
			isa = XCBuildConfiguration;
			buildSettings = {
				ASSETCATALOG_COMPILER_APPICON_NAME = AppIcon;
				ASSETCATALOG_COMPILER_GLOBAL_ACCENT_COLOR_NAME = AccentColor;
				CODE_SIGN_STYLE = Automatic;
				CURRENT_PROJECT_VERSION = 1;
				DEVELOPMENT_TEAM = 2BL4KQW6R5;
				GENERATE_INFOPLIST_FILE = YES;
				INFOPLIST_FILE = "Qadiani App/Info.plist";
				INFOPLIST_KEY_UIApplicationSupportsIndirectInputEvents = YES;
				INFOPLIST_KEY_UILaunchStoryboardName = LaunchScreen;
				INFOPLIST_KEY_UIMainStoryboardFile = Main;
				INFOPLIST_KEY_UISupportedInterfaceOrientations_iPad = "UIInterfaceOrientationPortrait UIInterfaceOrientationPortraitUpsideDown UIInterfaceOrientationLandscapeLeft UIInterfaceOrientationLandscapeRight";
				INFOPLIST_KEY_UISupportedInterfaceOrientations_iPhone = "UIInterfaceOrientationPortrait UIInterfaceOrientationLandscapeLeft UIInterfaceOrientationLandscapeRight";
				IPHONEOS_DEPLOYMENT_TARGET = 13.0;
				LD_RUNPATH_SEARCH_PATHS = (
					"$(inherited)",
					"@executable_path/Frameworks",
				);
				MARKETING_VERSION = 1.0;
				PRODUCT_BUNDLE_IDENTIFIER = com.bjitgroup.upskill;
				PRODUCT_NAME = "$(TARGET_NAME)";
				SWIFT_EMIT_LOC_STRINGS = YES;
				SWIFT_VERSION = 5.0;
				TARGETED_DEVICE_FAMILY = "1,2";
			};
			name = Release;
		};
/* End XCBuildConfiguration section */

/* Begin XCConfigurationList section */
		894CFB292AC198E000A9F412 /* Build configuration list for PBXProject "Qadiani App" */ = {
			isa = XCConfigurationList;
			buildConfigurations = (
				894CFB402AC198E100A9F412 /* Debug */,
				894CFB412AC198E100A9F412 /* Release */,
			);
			defaultConfigurationIsVisible = 0;
			defaultConfigurationName = Release;
		};
		894CFB422AC198E100A9F412 /* Build configuration list for PBXNativeTarget "Qadiani App" */ = {
			isa = XCConfigurationList;
			buildConfigurations = (
				894CFB432AC198E100A9F412 /* Debug */,
				894CFB442AC198E100A9F412 /* Release */,
			);
			defaultConfigurationIsVisible = 0;
			defaultConfigurationName = Release;
		};
/* End XCConfigurationList section */
	};
	rootObject = 894CFB262AC198E000A9F412 /* Project object */;
}
